github.com/kevinburke/ssh_config v1.1.0 h1:pH/t1WS9NzT8go394IqZeJTMHVm6Cr6ZJ6AQ+mdNo/o=
github.com/kevinburke/ssh_config v1.1.0/go.mod h1:CT57kijsi8u/K/BOFA39wgDQJ9CxiF4nAY/ojJ6r6mM=
github.com/tkw1536/stringreader v0.2.0 h1:dtgo/8iXHwcavMNCbvUKxHIFNQW6voNOBQehWlWj94I=
github.com/tkw1536/stringreader v0.2.0/go.mod h1:uJ1R7scZeK2U4N5dM0AJRTcmzag/Xoz+bccB4YIN69Q=
golang.org/x/crypto v0.0.0-20210921155107-089bfa567519 h1:7I4JAnoQBe7ZtJcBaYHi5UtiO8tQHbUSXxL+pnGRANg=
golang.org/x/crypto v0.0.0-20210921155107-089bfa567519/go.mod h1:GvvjBRRGRdwPK5ydBHafDWAxML/pGHZbMvKqRZ5+Abc=
golang.org/x/sys v0.1.0 h1:kunALQeHf1/185U1i0GOB/fy1IPRDDpuoOOqRReG57U=
golang.org/x/sys v0.1.0/go.mod h1:oPkhp1MJrh7nUepCBck5+mAzfO9JrbApNNgaTdGDITg=
golang.org/x/term v0.0.0-20210927222741-03fcf44c2211 h1:JGgROgKl9N8DuW20oFS5gxc+lE67/N3FcwmBPMe7ArY=
golang.org/x/term v0.0.0-20210927222741-03fcf44c2211/go.mod h1:jbD1KX2456YbFQfuXm/mYQcufACuNUgVhRMnK/tPxf8=
